
Microsoft Visual Studio Solution File, Format Version 12.00
# Visual Studio Version 16
VisualStudioVersion = 16.0.31729.503
MinimumVisualStudioVersion = 10.0.40219.1
Project("{FAE04EC0-301F-11D3-BF4B-00C04F79EFBC}") = "DataEncryptDecrypt", "DataEncryptDecrypt\DataEncryptDecrypt.csproj", "{0EDE2D39-6FAD-4388-9B89-87F9364AC7CA}"
EndProject
Global
	GlobalSection(SolutionConfigurationPlatforms) = preSolution
		Debug|Any CPU = Debug|Any CPU
		Release|Any CPU = Release|Any CPU
	EndGlobalSection
	GlobalSection(ProjectConfigurationPlatforms) = postSolution
		{0EDE2D39-6FAD-4388-9B89-87F9364AC7CA}.Debug|Any CPU.ActiveCfg = Debug|Any CPU
		{0EDE2D39-6FAD-4388-9B89-87F9364AC7CA}.Debug|Any CPU.Build.0 = Debug|Any CPU
		{0EDE2D39-6FAD-4388-9B89-87F9364AC7CA}.Release|Any CPU.ActiveCfg = Release|Any CPU
		{0EDE2D39-6FAD-4388-9B89-87F9364AC7CA}.Release|Any CPU.Build.0 = Release|Any CPU
	EndGlobalSection
	GlobalSection(SolutionProperties) = preSolution
		HideSolutionNode = FALSE
	EndGlobalSection
	GlobalSection(ExtensibilityGlobals) = postSolution
		SolutionGuid = {F9A4EC38-3161-47C7-94AC-1C2E11834DB5}
	EndGlobalSection
EndGlobal
